
Microsoft Visual Studio Solution File, Format Version 12.00
# Visual Studio Version 17
VisualStudioVersion = 17.10.34607.79
MinimumVisualStudioVersion = 10.0.40219.1
Project("{888888A0-9F3D-457C-B088-3A5042F75D52}") = "HomeWork", "HomeWork\HomeWork.pyproj", "{B3133A78-54B8-4523-AEF6-35C606170E7C}"
EndProject
Global
	GlobalSection(SolutionConfigurationPlatforms) = preSolution
		Debug|Any CPU = Debug|Any CPU
		Release|Any CPU = Release|Any CPU
	EndGlobalSection
	GlobalSection(ProjectConfigurationPlatforms) = postSolution
		{B3133A78-54B8-4523-AEF6-35C606170E7C}.Debug|Any CPU.ActiveCfg = Debug|Any CPU
		{B3133A78-54B8-4523-AEF6-35C606170E7C}.Release|Any CPU.ActiveCfg = Release|Any CPU
	EndGlobalSection
	GlobalSection(SolutionProperties) = preSolution
		HideSolutionNode = FALSE
	EndGlobalSection
	GlobalSection(ExtensibilityGlobals) = postSolution
		SolutionGuid = {6CDF9477-F56B-4321-AADF-62951C5D2D6E}
	EndGlobalSection
EndGlobal
