
Microsoft Visual Studio Solution File, Format Version 12.00
# Visual Studio Version 17
VisualStudioVersion = 17.10.34607.79
MinimumVisualStudioVersion = 10.0.40219.1
Project("{888888A0-9F3D-457C-B088-3A5042F75D52}") = "sprint2a", "sprint2a\sprint2a.pyproj", "{5D5657E1-053B-439C-AD9B-0B9ADF295084}"
EndProject
Global
	GlobalSection(SolutionConfigurationPlatforms) = preSolution
		Debug|Any CPU = Debug|Any CPU
		Release|Any CPU = Release|Any CPU
	EndGlobalSection
	GlobalSection(ProjectConfigurationPlatforms) = postSolution
		{5D5657E1-053B-439C-AD9B-0B9ADF295084}.Debug|Any CPU.ActiveCfg = Debug|Any CPU
		{5D5657E1-053B-439C-AD9B-0B9ADF295084}.Release|Any CPU.ActiveCfg = Release|Any CPU
	EndGlobalSection
	GlobalSection(SolutionProperties) = preSolution
		HideSolutionNode = FALSE
	EndGlobalSection
	GlobalSection(ExtensibilityGlobals) = postSolution
		SolutionGuid = {F0DA9B91-9538-4040-B693-2A2965E1B68F}
	EndGlobalSection
EndGlobal
